
Microsoft Visual Studio Solution File, Format Version 12.00
# Visual Studio Version 16
VisualStudioVersion = 25.0.1703.0
MinimumVisualStudioVersion = 10.0.40219.1
Project("{FAE04EC0-301F-11D3-BF4B-00C04F79EFBC}") = "lab3_FakeItEasy", "lab3_FakeItEasy\lab3_FakeItEasy.csproj", "{D5866DBD-C59C-4A1C-A175-CA1E2B241AAB}"
EndProject
Project("{FAE04EC0-301F-11D3-BF4B-00C04F79EFBC}") = "testing_FakeItEasy", "testing_FakeItEasy\testing_FakeItEasy.csproj", "{F19202A8-A391-4D49-942D-E8D1FFFE9374}"
EndProject
Global
	GlobalSection(SolutionConfigurationPlatforms) = preSolution
		Debug|Any CPU = Debug|Any CPU
		Release|Any CPU = Release|Any CPU
	EndGlobalSection
	GlobalSection(ProjectConfigurationPlatforms) = postSolution
		{D5866DBD-C59C-4A1C-A175-CA1E2B241AAB}.Debug|Any CPU.ActiveCfg = Debug|Any CPU
		{D5866DBD-C59C-4A1C-A175-CA1E2B241AAB}.Debug|Any CPU.Build.0 = Debug|Any CPU
		{D5866DBD-C59C-4A1C-A175-CA1E2B241AAB}.Release|Any CPU.ActiveCfg = Release|Any CPU
		{D5866DBD-C59C-4A1C-A175-CA1E2B241AAB}.Release|Any CPU.Build.0 = Release|Any CPU
		{F19202A8-A391-4D49-942D-E8D1FFFE9374}.Debug|Any CPU.ActiveCfg = Debug|Any CPU
		{F19202A8-A391-4D49-942D-E8D1FFFE9374}.Debug|Any CPU.Build.0 = Debug|Any CPU
		{F19202A8-A391-4D49-942D-E8D1FFFE9374}.Release|Any CPU.ActiveCfg = Release|Any CPU
		{F19202A8-A391-4D49-942D-E8D1FFFE9374}.Release|Any CPU.Build.0 = Release|Any CPU
	EndGlobalSection
	GlobalSection(SolutionProperties) = preSolution
		HideSolutionNode = FALSE
	EndGlobalSection
	GlobalSection(ExtensibilityGlobals) = postSolution
		SolutionGuid = {44530269-62AD-40C2-91C3-59E86BACDC50}
	EndGlobalSection
EndGlobal
